Microsoft Visual Studio Solution File, Format Version 8.00
Project("{FAE04EC0-301F-11D3-BF4B-00C04F79EFBC}") = "U3_SimpleWindowed", "U3_SimpleWindowed.csproj", "{9C4A06E7-8CF4-4723-B0B5-17D63584EEB6}"
	ProjectSection(ProjectDependencies) = postProject
	EndProjectSection
EndProject
Global
	GlobalSection(SolutionConfiguration) = preSolution
		Debug = Debug
		Release = Release
	EndGlobalSection
	GlobalSection(ProjectConfiguration) = postSolution
		{9C4A06E7-8CF4-4723-B0B5-17D63584EEB6}.Debug.ActiveCfg = Debug|.NET
		{9C4A06E7-8CF4-4723-B0B5-17D63584EEB6}.Debug.Build.0 = Debug|.NET
		{9C4A06E7-8CF4-4723-B0B5-17D63584EEB6}.Release.ActiveCfg = Release|.NET
		{9C4A06E7-8CF4-4723-B0B5-17D63584EEB6}.Release.Build.0 = Release|.NET
	EndGlobalSection
	GlobalSection(ExtensibilityGlobals) = postSolution
	EndGlobalSection
	GlobalSection(ExtensibilityAddIns) = postSolution
	EndGlobalSection
EndGlobal
