Microsoft Visual Studio Solution File, Format Version 8.00
Project("{FAE04EC0-301F-11D3-BF4B-00C04F79EFBC}") = "U3_Simple", "U3_Simple.csproj", "{39310215-3C89-48BD-88F9-269C58647466}"
	ProjectSection(ProjectDependencies) = postProject
	EndProjectSection
EndProject
Global
	GlobalSection(SolutionConfiguration) = preSolution
		Debug = Debug
		Release = Release
	EndGlobalSection
	GlobalSection(ProjectConfiguration) = postSolution
		{39310215-3C89-48BD-88F9-269C58647466}.Debug.ActiveCfg = Debug|.NET
		{39310215-3C89-48BD-88F9-269C58647466}.Debug.Build.0 = Debug|.NET
		{39310215-3C89-48BD-88F9-269C58647466}.Release.ActiveCfg = Release|.NET
		{39310215-3C89-48BD-88F9-269C58647466}.Release.Build.0 = Release|.NET
	EndGlobalSection
	GlobalSection(ExtensibilityGlobals) = postSolution
	EndGlobalSection
	GlobalSection(ExtensibilityAddIns) = postSolution
	EndGlobalSection
EndGlobal
